// !$*UTF8*$!
{
	archiveVersion = 1;
	classes = {
	};
	objectVersion = 77;
	objects = {

/* Begin PBXBuildFile section */
		846B9E722E4E1F740059E156 /* AppDelegate.swift in Sources */ = {isa = PBXBuildFile; fileRef = 846B9E6A2E4E1F740059E156 /* AppDelegate.swift */; };
		846B9E732E4E1F740059E156 /* SceneDelegate.swift in Sources */ = {isa = PBXBuildFile; fileRef = 846B9E6F2E4E1F740059E156 /* SceneDelegate.swift */; };
		846B9E742E4E1F740059E156 /* BusStopViewController.swift in Sources */ = {isa = PBXBuildFile; fileRef = 846B9E702E4E1F740059E156 /* BusStopViewController.swift */; };
		846B9E752E4E1F740059E156 /* Assets.xcassets in Resources */ = {isa = PBXBuildFile; fileRef = 846B9E6B2E4E1F740059E156 /* Assets.xcassets */; };
		846B9E772E4E1F740059E156 /* LaunchScreen.storyboard in Resources */ = {isa = PBXBuildFile; fileRef = 846B9E6E2E4E1F740059E156 /* LaunchScreen.storyboard */; };
		846FF4052E508C9D00834B4E /* Pods_MyStop.framework in Frameworks */ = {isa = PBXBuildFile; fileRef = 6F41DA1CFD82004E693C7301 /* Pods_MyStop.framework */; };
		846FF4062E508C9D00834B4E /* Pods_MyStop.framework in Embed Frameworks */ = {isa = PBXBuildFile; fileRef = 6F41DA1CFD82004E693C7301 /* Pods_MyStop.framework */; settings = {ATTRIBUTES = (CodeSignOnCopy, RemoveHeadersOnCopy, ); }; };
		846FF4092E53990200834B4E /* MapObjectTapListener.swift in Sources */ = {isa = PBXBuildFile; fileRef = 846FF4082E53990200834B4E /* MapObjectTapListener.swift */; };
		846FF40B2E547A4C00834B4E /* GeoObjectTapListener.swift in Sources */ = {isa = PBXBuildFile; fileRef = 846FF40A2E547A4C00834B4E /* GeoObjectTapListener.swift */; };
		8489BC532E5086EA00284E15 /* RequestConstants.swift in Sources */ = {isa = PBXBuildFile; fileRef = 8489BC522E5086EA00284E15 /* RequestConstants.swift */; };
		8489BC562E50872F00284E15 /* MapViewController.swift in Sources */ = {isa = PBXBuildFile; fileRef = 8489BC552E50872F00284E15 /* MapViewController.swift */; };
		84C0E4BC2E588AA90042D6AE /* GeoObjectTapDelegate.swift in Sources */ = {isa = PBXBuildFile; fileRef = 84C0E4BB2E588AA90042D6AE /* GeoObjectTapDelegate.swift */; };
		84E764E32E5071970053698B /* AlertManager.swift in Sources */ = {isa = PBXBuildFile; fileRef = 84E764E22E5071970053698B /* AlertManager.swift */; };
		84F1441B2E4FB3CF00A4462E /* BusStopTableViewCell.swift in Sources */ = {isa = PBXBuildFile; fileRef = 84F1441A2E4FB3CF00A4462E /* BusStopTableViewCell.swift */; };
		84F1441E2E4FB8E900A4462E /* SnapKit in Frameworks */ = {isa = PBXBuildFile; productRef = 84F1441D2E4FB8E900A4462E /* SnapKit */; };
		84F144202E4FBB9E00A4462E /* BusStopItemModel.swift in Sources */ = {isa = PBXBuildFile; fileRef = 84F1441F2E4FBB9E00A4462E /* BusStopItemModel.swift */; };
/* End PBXBuildFile section */

/* Begin PBXCopyFilesBuildPhase section */
		846FF4072E508C9D00834B4E /* Embed Frameworks */ = {
			isa = PBXCopyFilesBuildPhase;
			buildActionMask = 2147483647;
			dstPath = "";
			dstSubfolderSpec = 10;
			files = (
				846FF4062E508C9D00834B4E /* Pods_MyStop.framework in Embed Frameworks */,
			);
			name = "Embed Frameworks";
			runOnlyForDeploymentPostprocessing = 0;
		};
/* End PBXCopyFilesBuildPhase section */

/* Begin PBXFileReference section */
		6F41DA1CFD82004E693C7301 /* Pods_MyStop.framework */ = {isa = PBXFileReference; explicitFileType = wrapper.framework; includeInIndex = 0; path = Pods_MyStop.framework; sourceTree = BUILT_PRODUCTS_DIR; };
		842246B02E4DC52700A03356 /* MyStop.app */ = {isa = PBXFileReference; explicitFileType = wrapper.application; includeInIndex = 0; path = MyStop.app; sourceTree = BUILT_PRODUCTS_DIR; };
		846B9E6A2E4E1F740059E156 /* AppDelegate.swift */ = {isa = PBXFileReference; lastKnownFileType = sourcecode.swift; path = AppDelegate.swift; sourceTree = "<group>"; };
		846B9E6B2E4E1F740059E156 /* Assets.xcassets */ = {isa = PBXFileReference; lastKnownFileType = folder.assetcatalog; path = Assets.xcassets; sourceTree = "<group>"; };
		846B9E6C2E4E1F740059E156 /* Info.plist */ = {isa = PBXFileReference; lastKnownFileType = text.plist.xml; path = Info.plist; sourceTree = "<group>"; };
		846B9E6D2E4E1F740059E156 /* Base */ = {isa = PBXFileReference; lastKnownFileType = file.storyboard; name = Base; path = Base.lproj/LaunchScreen.storyboard; sourceTree = "<group>"; };
		846B9E6F2E4E1F740059E156 /* SceneDelegate.swift */ = {isa = PBXFileReference; lastKnownFileType = sourcecode.swift; path = SceneDelegate.swift; sourceTree = "<group>"; };
		846B9E702E4E1F740059E156 /* BusStopViewController.swift */ = {isa = PBXFileReference; lastKnownFileType = sourcecode.swift; path = BusStopViewController.swift; sourceTree = "<group>"; };
		846FF4082E53990200834B4E /* MapObjectTapListener.swift */ = {isa = PBXFileReference; lastKnownFileType = sourcecode.swift; path = MapObjectTapListener.swift; sourceTree = "<group>"; };
		846FF40A2E547A4C00834B4E /* GeoObjectTapListener.swift */ = {isa = PBXFileReference; lastKnownFileType = sourcecode.swift; path = GeoObjectTapListener.swift; sourceTree = "<group>"; };
		8489BC522E5086EA00284E15 /* RequestConstants.swift */ = {isa = PBXFileReference; lastKnownFileType = sourcecode.swift; path = RequestConstants.swift; sourceTree = "<group>"; };
		8489BC552E50872F00284E15 /* MapViewController.swift */ = {isa = PBXFileReference; lastKnownFileType = sourcecode.swift; path = MapViewController.swift; sourceTree = "<group>"; };
		84C0E4BB2E588AA90042D6AE /* GeoObjectTapDelegate.swift */ = {isa = PBXFileReference; lastKnownFileType = sourcecode.swift; path = GeoObjectTapDelegate.swift; sourceTree = "<group>"; };
		84E764E22E5071970053698B /* AlertManager.swift */ = {isa = PBXFileReference; lastKnownFileType = sourcecode.swift; path = AlertManager.swift; sourceTree = "<group>"; };
		84F1441A2E4FB3CF00A4462E /* BusStopTableViewCell.swift */ = {isa = PBXFileReference; lastKnownFileType = sourcecode.swift; path = BusStopTableViewCell.swift; sourceTree = "<group>"; };
		84F1441F2E4FBB9E00A4462E /* BusStopItemModel.swift */ = {isa = PBXFileReference; lastKnownFileType = sourcecode.swift; path = BusStopItemModel.swift; sourceTree = "<group>"; };
		91AE59F89195C6E4FFAB715D /* Pods-MyStop.debug.xcconfig */ = {isa = PBXFileReference; includeInIndex = 1; lastKnownFileType = text.xcconfig; name = "Pods-MyStop.debug.xcconfig"; path = "Target Support Files/Pods-MyStop/Pods-MyStop.debug.xcconfig"; sourceTree = "<group>"; };
		B01521BF63769D1560B2956F /* Pods-MyStop.release.xcconfig */ = {isa = PBXFileReference; includeInIndex = 1; lastKnownFileType = text.xcconfig; name = "Pods-MyStop.release.xcconfig"; path = "Target Support Files/Pods-MyStop/Pods-MyStop.release.xcconfig"; sourceTree = "<group>"; };
/* End PBXFileReference section */

/* Begin PBXFrameworksBuildPhase section */
		842246AD2E4DC52700A03356 /* Frameworks */ = {
			isa = PBXFrameworksBuildPhase;
			buildActionMask = 2147483647;
			files = (
				846FF4052E508C9D00834B4E /* Pods_MyStop.framework in Frameworks */,
				84F1441E2E4FB8E900A4462E /* SnapKit in Frameworks */,
			);
			runOnlyForDeploymentPostprocessing = 0;
		};
/* End PBXFrameworksBuildPhase section */

/* Begin PBXGroup section */
		3F34B53024BC58638C21A9FC /* Frameworks */ = {
			isa = PBXGroup;
			children = (
				6F41DA1CFD82004E693C7301 /* Pods_MyStop.framework */,
			);
			name = Frameworks;
			sourceTree = "<group>";
		};
		842246A72E4DC52700A03356 = {
			isa = PBXGroup;
			children = (
				846B9E712E4E1F740059E156 /* MyStop */,
				842246B12E4DC52700A03356 /* Products */,
				C164DE449EEE1126A980A959 /* Pods */,
				3F34B53024BC58638C21A9FC /* Frameworks */,
			);
			sourceTree = "<group>";
		};
		842246B12E4DC52700A03356 /* Products */ = {
			isa = PBXGroup;
			children = (
				842246B02E4DC52700A03356 /* MyStop.app */,
			);
			name = Products;
			sourceTree = "<group>";
		};
		846B9E712E4E1F740059E156 /* MyStop */ = {
			isa = PBXGroup;
			children = (
				8489BC542E50871B00284E15 /* MapScreen */,
				84A5CFEE2E5086BE0005ED04 /* Requests */,
				84E764E22E5071970053698B /* AlertManager.swift */,
				84F144192E4FB3B200A4462E /* BusStopScreen */,
				846B9E6F2E4E1F740059E156 /* SceneDelegate.swift */,
				846B9E6A2E4E1F740059E156 /* AppDelegate.swift */,
				846B9E6E2E4E1F740059E156 /* LaunchScreen.storyboard */,
				846B9E6B2E4E1F740059E156 /* Assets.xcassets */,
				846B9E6C2E4E1F740059E156 /* Info.plist */,
			);
			path = MyStop;
			sourceTree = "<group>";
		};
		8489BC542E50871B00284E15 /* MapScreen */ = {
			isa = PBXGroup;
			children = (
				84C0E4BA2E588A430042D6AE /* Protocols */,
				8489BC552E50872F00284E15 /* MapViewController.swift */,
				846FF4082E53990200834B4E /* MapObjectTapListener.swift */,
				846FF40A2E547A4C00834B4E /* GeoObjectTapListener.swift */,
			);
			path = MapScreen;
			sourceTree = "<group>";
		};
		84A5CFEE2E5086BE0005ED04 /* Requests */ = {
			isa = PBXGroup;
			children = (
				8489BC522E5086EA00284E15 /* RequestConstants.swift */,
			);
			path = Requests;
			sourceTree = "<group>";
		};
		84C0E4BA2E588A430042D6AE /* Protocols */ = {
			isa = PBXGroup;
			children = (
				84C0E4BB2E588AA90042D6AE /* GeoObjectTapDelegate.swift */,
			);
			path = Protocols;
			sourceTree = "<group>";
		};
		84F144192E4FB3B200A4462E /* BusStopScreen */ = {
			isa = PBXGroup;
			children = (
				846B9E702E4E1F740059E156 /* BusStopViewController.swift */,
				84F1441A2E4FB3CF00A4462E /* BusStopTableViewCell.swift */,
				84F1441F2E4FBB9E00A4462E /* BusStopItemModel.swift */,
			);
			path = BusStopScreen;
			sourceTree = "<group>";
		};
		C164DE449EEE1126A980A959 /* Pods */ = {
			isa = PBXGroup;
			children = (
				91AE59F89195C6E4FFAB715D /* Pods-MyStop.debug.xcconfig */,
				B01521BF63769D1560B2956F /* Pods-MyStop.release.xcconfig */,
			);
			path = Pods;
			sourceTree = "<group>";
		};
/* End PBXGroup section */

/* Begin PBXNativeTarget section */
		842246AF2E4DC52700A03356 /* MyStop */ = {
			isa = PBXNativeTarget;
			buildConfigurationList = 842246C32E4DC52A00A03356 /* Build configuration list for PBXNativeTarget "MyStop" */;
			buildPhases = (
				3A6B44A9FA9ECE0671136C92 /* [CP] Check Pods Manifest.lock */,
				842246AC2E4DC52700A03356 /* Sources */,
				842246AD2E4DC52700A03356 /* Frameworks */,
				842246AE2E4DC52700A03356 /* Resources */,
				2FF00496D62CEB1D5FC60B9A /* [CP] Copy Pods Resources */,
				846FF4072E508C9D00834B4E /* Embed Frameworks */,
			);
			buildRules = (
			);
			dependencies = (
			);
			name = MyStop;
			packageProductDependencies = (
				84F1441D2E4FB8E900A4462E /* SnapKit */,
			);
			productName = MyStop;
			productReference = 842246B02E4DC52700A03356 /* MyStop.app */;
			productType = "com.apple.product-type.application";
		};
/* End PBXNativeTarget section */

/* Begin PBXProject section */
		842246A82E4DC52700A03356 /* Project object */ = {
			isa = PBXProject;
			attributes = {
				BuildIndependentTargetsInParallel = 1;
				LastSwiftUpdateCheck = 1640;
				LastUpgradeCheck = 1640;
				TargetAttributes = {
					842246AF2E4DC52700A03356 = {
						CreatedOnToolsVersion = 16.4;
					};
				};
			};
			buildConfigurationList = 842246AB2E4DC52700A03356 /* Build configuration list for PBXProject "MyStop" */;
			developmentRegion = en;
			hasScannedForEncodings = 0;
			knownRegions = (
				en,
				Base,
			);
			mainGroup = 842246A72E4DC52700A03356;
			minimizedProjectReferenceProxies = 1;
			packageReferences = (
				84F1441C2E4FB8E900A4462E /* XCRemoteSwiftPackageReference "SnapKit" */,
			);
			preferredProjectObjectVersion = 77;
			productRefGroup = 842246B12E4DC52700A03356 /* Products */;
			projectDirPath = "";
			projectRoot = "";
			targets = (
				842246AF2E4DC52700A03356 /* MyStop */,
			);
		};
/* End PBXProject section */

/* Begin PBXResourcesBuildPhase section */
		842246AE2E4DC52700A03356 /* Resources */ = {
			isa = PBXResourcesBuildPhase;
			buildActionMask = 2147483647;
			files = (
				846B9E752E4E1F740059E156 /* Assets.xcassets in Resources */,
				846B9E772E4E1F740059E156 /* LaunchScreen.storyboard in Resources */,
			);
			runOnlyForDeploymentPostprocessing = 0;
		};
/* End PBXResourcesBuildPhase section */

/* Begin PBXShellScriptBuildPhase section */
		2FF00496D62CEB1D5FC60B9A /* [CP] Copy Pods Resources */ = {
			isa = PBXShellScriptBuildPhase;
			buildActionMask = 2147483647;
			files = (
			);
			inputFileListPaths = (
				"${PODS_ROOT}/Target Support Files/Pods-MyStop/Pods-MyStop-resources-${CONFIGURATION}-input-files.xcfilelist",
			);
			inputPaths = (
			);
			name = "[CP] Copy Pods Resources";
			outputFileListPaths = (
				"${PODS_ROOT}/Target Support Files/Pods-MyStop/Pods-MyStop-resources-${CONFIGURATION}-output-files.xcfilelist",
			);
			outputPaths = (
			);
			runOnlyForDeploymentPostprocessing = 0;
			shellPath = /bin/sh;
			shellScript = "\"${PODS_ROOT}/Target Support Files/Pods-MyStop/Pods-MyStop-resources.sh\"\n";
			showEnvVarsInLog = 0;
		};
		3A6B44A9FA9ECE0671136C92 /* [CP] Check Pods Manifest.lock */ = {
			isa = PBXShellScriptBuildPhase;
			buildActionMask = 2147483647;
			files = (
			);
			inputFileListPaths = (
			);
			inputPaths = (
				"${PODS_PODFILE_DIR_PATH}/Podfile.lock",
				"${PODS_ROOT}/Manifest.lock",
			);
			name = "[CP] Check Pods Manifest.lock";
			outputFileListPaths = (
			);
			outputPaths = (
				"$(DERIVED_FILE_DIR)/Pods-MyStop-checkManifestLockResult.txt",
			);
			runOnlyForDeploymentPostprocessing = 0;
			shellPath = /bin/sh;
			shellScript = "diff \"${PODS_PODFILE_DIR_PATH}/Podfile.lock\" \"${PODS_ROOT}/Manifest.lock\" > /dev/null\nif [ $? != 0 ] ; then\n    # print error to STDERR\n    echo \"error: The sandbox is not in sync with the Podfile.lock. Run 'pod install' or update your CocoaPods installation.\" >&2\n    exit 1\nfi\n# This output is used by Xcode 'outputs' to avoid re-running this script phase.\necho \"SUCCESS\" > \"${SCRIPT_OUTPUT_FILE_0}\"\n";
			showEnvVarsInLog = 0;
		};
/* End PBXShellScriptBuildPhase section */

/* Begin PBXSourcesBuildPhase section */
		842246AC2E4DC52700A03356 /* Sources */ = {
			isa = PBXSourcesBuildPhase;
			buildActionMask = 2147483647;
			files = (
				8489BC532E5086EA00284E15 /* RequestConstants.swift in Sources */,
				84F1441B2E4FB3CF00A4462E /* BusStopTableViewCell.swift in Sources */,
				846FF4092E53990200834B4E /* MapObjectTapListener.swift in Sources */,
				84C0E4BC2E588AA90042D6AE /* GeoObjectTapDelegate.swift in Sources */,
				84F144202E4FBB9E00A4462E /* BusStopItemModel.swift in Sources */,
				846FF40B2E547A4C00834B4E /* GeoObjectTapListener.swift in Sources */,
				84E764E32E5071970053698B /* AlertManager.swift in Sources */,
				846B9E722E4E1F740059E156 /* AppDelegate.swift in Sources */,
				846B9E732E4E1F740059E156 /* SceneDelegate.swift in Sources */,
				846B9E742E4E1F740059E156 /* BusStopViewController.swift in Sources */,
				8489BC562E50872F00284E15 /* MapViewController.swift in Sources */,
			);
			runOnlyForDeploymentPostprocessing = 0;
		};
/* End PBXSourcesBuildPhase section */

/* Begin PBXVariantGroup section */
		846B9E6E2E4E1F740059E156 /* LaunchScreen.storyboard */ = {
			isa = PBXVariantGroup;
			children = (
				846B9E6D2E4E1F740059E156 /* Base */,
			);
			name = LaunchScreen.storyboard;
			sourceTree = "<group>";
		};
/* End PBXVariantGroup section */

/* Begin XCBuildConfiguration section */
		842246C42E4DC52A00A03356 /* Debug */ = {
			isa = XCBuildConfiguration;
			baseConfigurationReference = 91AE59F89195C6E4FFAB715D /* Pods-MyStop.debug.xcconfig */;
			buildSettings = {
				ASSETCATALOG_COMPILER_APPICON_NAME = AppIcon;
				ASSETCATALOG_COMPILER_GLOBAL_ACCENT_COLOR_NAME = AccentColor;
				CODE_SIGN_STYLE = Automatic;
				CURRENT_PROJECT_VERSION = 1;
				DEVELOPMENT_TEAM = V65FFL4V3Y;
				GENERATE_INFOPLIST_FILE = YES;
				INFOPLIST_FILE = MyStop/Info.plist;
				INFOPLIST_KEY_UIApplicationSupportsIndirectInputEvents = YES;
				INFOPLIST_KEY_UILaunchStoryboardName = LaunchScreen;
				INFOPLIST_KEY_UISupportedInterfaceOrientations_iPad = "UIInterfaceOrientationPortrait UIInterfaceOrientationPortraitUpsideDown UIInterfaceOrientationLandscapeLeft UIInterfaceOrientationLandscapeRight";
				INFOPLIST_KEY_UISupportedInterfaceOrientations_iPhone = "UIInterfaceOrientationPortrait UIInterfaceOrientationLandscapeLeft UIInterfaceOrientationLandscapeRight";
				IPHONEOS_DEPLOYMENT_TARGET = 17.6;
				LD_RUNPATH_SEARCH_PATHS = (
					"$(inherited)",
					"@executable_path/Frameworks",
				);
				MARKETING_VERSION = 1.0;
				PRODUCT_BUNDLE_IDENTIFIER = ru.anufriev.ilya.MyStop;
				PRODUCT_NAME = "$(TARGET_NAME)";
				SWIFT_EMIT_LOC_STRINGS = YES;
				SWIFT_VERSION = 5.0;
				TARGETED_DEVICE_FAMILY = "1,2";
			};
			name = Debug;
		};
		842246C52E4DC52A00A03356 /* Release */ = {
			isa = XCBuildConfiguration;
			baseConfigurationReference = B01521BF63769D1560B2956F /* Pods-MyStop.release.xcconfig */;
			buildSettings = {
				ASSETCATALOG_COMPILER_APPICON_NAME = AppIcon;
				ASSETCATALOG_COMPILER_GLOBAL_ACCENT_COLOR_NAME = AccentColor;
				CODE_SIGN_STYLE = Automatic;
				CURRENT_PROJECT_VERSION = 1;
				DEVELOPMENT_TEAM = V65FFL4V3Y;
				GENERATE_INFOPLIST_FILE = YES;
				INFOPLIST_FILE = MyStop/Info.plist;
				INFOPLIST_KEY_UIApplicationSupportsIndirectInputEvents = YES;
				INFOPLIST_KEY_UILaunchStoryboardName = LaunchScreen;
				INFOPLIST_KEY_UISupportedInterfaceOrientations_iPad = "UIInterfaceOrientationPortrait UIInterfaceOrientationPortraitUpsideDown UIInterfaceOrientationLandscapeLeft UIInterfaceOrientationLandscapeRight";
				INFOPLIST_KEY_UISupportedInterfaceOrientations_iPhone = "UIInterfaceOrientationPortrait UIInterfaceOrientationLandscapeLeft UIInterfaceOrientationLandscapeRight";
				IPHONEOS_DEPLOYMENT_TARGET = 17.6;
				LD_RUNPATH_SEARCH_PATHS = (
					"$(inherited)",
					"@executable_path/Frameworks",
				);
				MARKETING_VERSION = 1.0;
				PRODUCT_BUNDLE_IDENTIFIER = ru.anufriev.ilya.MyStop;
				PRODUCT_NAME = "$(TARGET_NAME)";
				SWIFT_EMIT_LOC_STRINGS = YES;
				SWIFT_VERSION = 5.0;
				TARGETED_DEVICE_FAMILY = "1,2";
			};
			name = Release;
		};
		842246C62E4DC52A00A03356 /* Debug */ = {
			isa = XCBuildConfiguration;
			buildSettings = {
				ALWAYS_SEARCH_USER_PATHS = NO;
				ASSETCATALOG_COMPILER_GENERATE_SWIFT_ASSET_SYMBOL_EXTENSIONS = YES;
				CLANG_ANALYZER_NONNULL = YES;
				CLANG_ANALYZER_NUMBER_OBJECT_CONVERSION = YES_AGGRESSIVE;
				CLANG_CXX_LANGUAGE_STANDARD = "gnu++20";
				CLANG_ENABLE_MODULES = YES;
				CLANG_ENABLE_OBJC_ARC = YES;
				CLANG_ENABLE_OBJC_WEAK = YES;
				CLANG_WARN_BLOCK_CAPTURE_AUTORELEASING = YES;
				CLANG_WARN_BOOL_CONVERSION = YES;
				CLANG_WARN_COMMA = YES;
				CLANG_WARN_CONSTANT_CONVERSION = YES;
				CLANG_WARN_DEPRECATED_OBJC_IMPLEMENTATIONS = YES;
				CLANG_WARN_DIRECT_OBJC_ISA_USAGE = YES_ERROR;
				CLANG_WARN_DOCUMENTATION_COMMENTS = YES;
				CLANG_WARN_EMPTY_BODY = YES;
				CLANG_WARN_ENUM_CONVERSION = YES;
				CLANG_WARN_INFINITE_RECURSION = YES;
				CLANG_WARN_INT_CONVERSION = YES;
				CLANG_WARN_NON_LITERAL_NULL_CONVERSION = YES;
				CLANG_WARN_OBJC_IMPLICIT_RETAIN_SELF = YES;
				CLANG_WARN_OBJC_LITERAL_CONVERSION = YES;
				CLANG_WARN_OBJC_ROOT_CLASS = YES_ERROR;
				CLANG_WARN_QUOTED_INCLUDE_IN_FRAMEWORK_HEADER = YES;
				CLANG_WARN_RANGE_LOOP_ANALYSIS = YES;
				CLANG_WARN_STRICT_PROTOTYPES = YES;
				CLANG_WARN_SUSPICIOUS_MOVE = YES;
				CLANG_WARN_UNGUARDED_AVAILABILITY = YES_AGGRESSIVE;
				CLANG_WARN_UNREACHABLE_CODE = YES;
				CLANG_WARN__DUPLICATE_METHOD_MATCH = YES;
				COPY_PHASE_STRIP = NO;
				DEBUG_INFORMATION_FORMAT = dwarf;
				DEVELOPMENT_TEAM = V65FFL4V3Y;
				ENABLE_STRICT_OBJC_MSGSEND = YES;
				ENABLE_TESTABILITY = YES;
				GCC_C_LANGUAGE_STANDARD = gnu17;
				GCC_DYNAMIC_NO_PIC = NO;
				GCC_NO_COMMON_BLOCKS = YES;
				GCC_OPTIMIZATION_LEVEL = 0;
				GCC_PREPROCESSOR_DEFINITIONS = (
					"DEBUG=1",
					"$(inherited)",
				);
				GCC_WARN_64_TO_32_BIT_CONVERSION = YES;
				GCC_WARN_ABOUT_RETURN_TYPE = YES_ERROR;
				GCC_WARN_UNDECLARED_SELECTOR = YES;
				GCC_WARN_UNINITIALIZED_AUTOS = YES_AGGRESSIVE;
				GCC_WARN_UNUSED_FUNCTION = YES;
				GCC_WARN_UNUSED_VARIABLE = YES;
				IPHONEOS_DEPLOYMENT_TARGET = 18.5;
				LOCALIZATION_PREFERS_STRING_CATALOGS = YES;
				MTL_ENABLE_DEBUG_INFO = INCLUDE_SOURCE;
				MTL_FAST_MATH = YES;
				ONLY_ACTIVE_ARCH = YES;
				SDKROOT = iphoneos;
				SWIFT_ACTIVE_COMPILATION_CONDITIONS = "DEBUG $(inherited)";
				SWIFT_OPTIMIZATION_LEVEL = "-Onone";
			};
			name = Debug;
		};
		842246C72E4DC52A00A03356 /* Release */ = {
			isa = XCBuildConfiguration;
			buildSettings = {
				ALWAYS_SEARCH_USER_PATHS = NO;
				ASSETCATALOG_COMPILER_GENERATE_SWIFT_ASSET_SYMBOL_EXTENSIONS = YES;
				CLANG_ANALYZER_NONNULL = YES;
				CLANG_ANALYZER_NUMBER_OBJECT_CONVERSION = YES_AGGRESSIVE;
				CLANG_CXX_LANGUAGE_STANDARD = "gnu++20";
				CLANG_ENABLE_MODULES = YES;
				CLANG_ENABLE_OBJC_ARC = YES;
				CLANG_ENABLE_OBJC_WEAK = YES;
				CLANG_WARN_BLOCK_CAPTURE_AUTORELEASING = YES;
				CLANG_WARN_BOOL_CONVERSION = YES;
				CLANG_WARN_COMMA = YES;
				CLANG_WARN_CONSTANT_CONVERSION = YES;
				CLANG_WARN_DEPRECATED_OBJC_IMPLEMENTATIONS = YES;
				CLANG_WARN_DIRECT_OBJC_ISA_USAGE = YES_ERROR;
				CLANG_WARN_DOCUMENTATION_COMMENTS = YES;
				CLANG_WARN_EMPTY_BODY = YES;
				CLANG_WARN_ENUM_CONVERSION = YES;
				CLANG_WARN_INFINITE_RECURSION = YES;
				CLANG_WARN_INT_CONVERSION = YES;
				CLANG_WARN_NON_LITERAL_NULL_CONVERSION = YES;
				CLANG_WARN_OBJC_IMPLICIT_RETAIN_SELF = YES;
				CLANG_WARN_OBJC_LITERAL_CONVERSION = YES;
				CLANG_WARN_OBJC_ROOT_CLASS = YES_ERROR;
				CLANG_WARN_QUOTED_INCLUDE_IN_FRAMEWORK_HEADER = YES;
				CLANG_WARN_RANGE_LOOP_ANALYSIS = YES;
				CLANG_WARN_STRICT_PROTOTYPES = YES;
				CLANG_WARN_SUSPICIOUS_MOVE = YES;
				CLANG_WARN_UNGUARDED_AVAILABILITY = YES_AGGRESSIVE;
				CLANG_WARN_UNREACHABLE_CODE = YES;
				CLANG_WARN__DUPLICATE_METHOD_MATCH = YES;
				COPY_PHASE_STRIP = NO;
				DEBUG_INFORMATION_FORMAT = "dwarf-with-dsym";
				DEVELOPMENT_TEAM = V65FFL4V3Y;
				ENABLE_NS_ASSERTIONS = NO;
				ENABLE_STRICT_OBJC_MSGSEND = YES;
				GCC_C_LANGUAGE_STANDARD = gnu17;
				GCC_NO_COMMON_BLOCKS = YES;
				GCC_WARN_64_TO_32_BIT_CONVERSION = YES;
				GCC_WARN_ABOUT_RETURN_TYPE = YES_ERROR;
				GCC_WARN_UNDECLARED_SELECTOR = YES;
				GCC_WARN_UNINITIALIZED_AUTOS = YES_AGGRESSIVE;
				GCC_WARN_UNUSED_FUNCTION = YES;
				GCC_WARN_UNUSED_VARIABLE = YES;
				IPHONEOS_DEPLOYMENT_TARGET = 18.5;
				LOCALIZATION_PREFERS_STRING_CATALOGS = YES;
				MTL_ENABLE_DEBUG_INFO = NO;
				MTL_FAST_MATH = YES;
				SDKROOT = iphoneos;
				SWIFT_COMPILATION_MODE = wholemodule;
				VALIDATE_PRODUCT = YES;
			};
			name = Release;
		};
/* End XCBuildConfiguration section */

/* Begin XCConfigurationList section */
		842246AB2E4DC52700A03356 /* Build configuration list for PBXProject "MyStop" */ = {
			isa = XCConfigurationList;
			buildConfigurations = (
				842246C62E4DC52A00A03356 /* Debug */,
				842246C72E4DC52A00A03356 /* Release */,
			);
			defaultConfigurationIsVisible = 0;
			defaultConfigurationName = Release;
		};
		842246C32E4DC52A00A03356 /* Build configuration list for PBXNativeTarget "MyStop" */ = {
			isa = XCConfigurationList;
			buildConfigurations = (
				842246C42E4DC52A00A03356 /* Debug */,
				842246C52E4DC52A00A03356 /* Release */,
			);
			defaultConfigurationIsVisible = 0;
			defaultConfigurationName = Release;
		};
/* End XCConfigurationList section */

/* Begin XCRemoteSwiftPackageReference section */
		84F1441C2E4FB8E900A4462E /* XCRemoteSwiftPackageReference "SnapKit" */ = {
			isa = XCRemoteSwiftPackageReference;
			repositoryURL = "https://github.com/SnapKit/SnapKit";
			requirement = {
				kind = upToNextMajorVersion;
				minimumVersion = 5.7.1;
			};
		};
/* End XCRemoteSwiftPackageReference section */

/* Begin XCSwiftPackageProductDependency section */
		84F1441D2E4FB8E900A4462E /* SnapKit */ = {
			isa = XCSwiftPackageProductDependency;
			package = 84F1441C2E4FB8E900A4462E /* XCRemoteSwiftPackageReference "SnapKit" */;
			productName = SnapKit;
		};
/* End XCSwiftPackageProductDependency section */
	};
	rootObject = 842246A82E4DC52700A03356 /* Project object */;
}
